Microsoft Visual Studio Solution File, Format Version 12.00
# Visual Studio Version 17
VisualStudioVersion = 17.5.2.0
MinimumVisualStudioVersion = 10.0.40219.1
Project("{FAE04EC0-301F-11D3-BF4B-00C04F79EFBC}") = "EduFlow", "EduFlow.csproj", "{5050C9C9-2399-22BB-093B-1BF0BA762728}"
EndProject
Global
	GlobalSection(SolutionConfigurationPlatforms) = preSolution
		Debug|Any CPU = Debug|Any CPU
		Release|Any CPU = Release|Any CPU
	EndGlobalSection
	GlobalSection(ProjectConfigurationPlatforms) = postSolution
		{5050C9C9-2399-22BB-093B-1BF0BA762728}.Debug|Any CPU.ActiveCfg = Debug|Any CPU
		{5050C9C9-2399-22BB-093B-1BF0BA762728}.Debug|Any CPU.Build.0 = Debug|Any CPU
		{5050C9C9-2399-22BB-093B-1BF0BA762728}.Release|Any CPU.ActiveCfg = Release|Any CPU
		{5050C9C9-2399-22BB-093B-1BF0BA762728}.Release|Any CPU.Build.0 = Release|Any CPU
	EndGlobalSection
	GlobalSection(SolutionProperties) = preSolution
		HideSolutionNode = FALSE
	EndGlobalSection
	GlobalSection(ExtensibilityGlobals) = postSolution
		SolutionGuid = {B00FBE5A-FFD4-4F07-AC0A-46E3731CB11C}
	EndGlobalSection
EndGlobal
